
Microsoft Visual Studio Solution File, Format Version 12.00
# Visual Studio Version 17
VisualStudioVersion = 17.11.35222.181
MinimumVisualStudioVersion = 10.0.40219.1
Project("{9A19103F-16F7-4668-BE54-9A1E7A4F7556}") = "SalesOrder", "SalesOrder\SalesOrder.csproj", "{1867B1EF-6AA6-4D5D-B2B4-9F8AAC8492CD}"
EndProject
Global
	GlobalSection(SolutionConfigurationPlatforms) = preSolution
		Debug|Any CPU = Debug|Any CPU
		Release|Any CPU = Release|Any CPU
	EndGlobalSection
	GlobalSection(ProjectConfigurationPlatforms) = postSolution
		{1867B1EF-6AA6-4D5D-B2B4-9F8AAC8492CD}.Debug|Any CPU.ActiveCfg = Debug|Any CPU
		{1867B1EF-6AA6-4D5D-B2B4-9F8AAC8492CD}.Debug|Any CPU.Build.0 = Debug|Any CPU
		{1867B1EF-6AA6-4D5D-B2B4-9F8AAC8492CD}.Release|Any CPU.ActiveCfg = Release|Any CPU
		{1867B1EF-6AA6-4D5D-B2B4-9F8AAC8492CD}.Release|Any CPU.Build.0 = Release|Any CPU
	EndGlobalSection
	GlobalSection(SolutionProperties) = preSolution
		HideSolutionNode = FALSE
	EndGlobalSection
	GlobalSection(ExtensibilityGlobals) = postSolution
		SolutionGuid = {E5D64644-F18C-48B0-ABB3-254F33EC90D9}
	EndGlobalSection
EndGlobal
